
Microsoft Visual Studio Solution File, Format Version 12.00
# Visual Studio 2012
Project("{F184B08F-C81C-45F6-A57F-5ABD9991F28F}") = "Connection", "Connection\Connection.vbproj", "{F8671FF8-A6F5-48D9-BA01-C587918934DF}"
EndProject
Global
	GlobalSection(SolutionConfigurationPlatforms) = preSolution
		Debug|Any CPU = Debug|Any CPU
		Release|Any CPU = Release|Any CPU
	EndGlobalSection
	GlobalSection(ProjectConfigurationPlatforms) = postSolution
		{F8671FF8-A6F5-48D9-BA01-C587918934DF}.Debug|Any CPU.ActiveCfg = Debug|Any CPU
		{F8671FF8-A6F5-48D9-BA01-C587918934DF}.Debug|Any CPU.Build.0 = Debug|Any CPU
		{F8671FF8-A6F5-48D9-BA01-C587918934DF}.Release|Any CPU.ActiveCfg = Release|Any CPU
		{F8671FF8-A6F5-48D9-BA01-C587918934DF}.Release|Any CPU.Build.0 = Release|Any CPU
	EndGlobalSection
	GlobalSection(SolutionProperties) = preSolution
		HideSolutionNode = FALSE
	EndGlobalSection
EndGlobal
